
Microsoft Visual Studio Solution File, Format Version 12.00
# Visual Studio Version 16
VisualStudioVersion = 16.0.33328.57
MinimumVisualStudioVersion = 10.0.40219.1
Project("{2150E333-8FDC-42A3-9474-1A3956D46DE8}") = "CleanArch.Application", "CleanArch.Application", "{323C5E86-27E0-44BD-870C-C08E774A592E}"
EndProject
Project("{2150E333-8FDC-42A3-9474-1A3956D46DE8}") = "CleanArch.Domain", "CleanArch.Domain", "{870BDDA9-03BF-4C1E-BB46-6DDF366EA0A9}"
EndProject
Project("{2150E333-8FDC-42A3-9474-1A3956D46DE8}") = "CleanArch.Infra.IOC", "CleanArch.Infra.IOC", "{39A522C3-31DA-418E-995E-2581D78F0583}"
EndProject
Project("{2150E333-8FDC-42A3-9474-1A3956D46DE8}") = "CleanArch.Infra.Data", "CleanArch.Infra.Data", "{5B66A214-56F9-4B14-9760-DEF7D9527C3D}"
EndProject
Project("{2150E333-8FDC-42A3-9474-1A3956D46DE8}") = "CleanArch.UI.Mvc", "CleanArch.UI.Mvc", "{483CB090-4F34-4911-ADEB-79B750AE540B}"
EndProject
Project("{FAE04EC0-301F-11D3-BF4B-00C04F79EFBC}") = "CleanArch.mvc", "CleanArch.mvc\CleanArch.mvc.csproj", "{4BD2D175-9E49-4D34-A716-F82BD423FA40}"
EndProject
Global
	GlobalSection(SolutionConfigurationPlatforms) = preSolution
		Debug|Any CPU = Debug|Any CPU
		Release|Any CPU = Release|Any CPU
	EndGlobalSection
	GlobalSection(ProjectConfigurationPlatforms) = postSolution
		{4BD2D175-9E49-4D34-A716-F82BD423FA40}.Debug|Any CPU.ActiveCfg = Debug|Any CPU
		{4BD2D175-9E49-4D34-A716-F82BD423FA40}.Debug|Any CPU.Build.0 = Debug|Any CPU
		{4BD2D175-9E49-4D34-A716-F82BD423FA40}.Release|Any CPU.ActiveCfg = Release|Any CPU
		{4BD2D175-9E49-4D34-A716-F82BD423FA40}.Release|Any CPU.Build.0 = Release|Any CPU
	EndGlobalSection
	GlobalSection(SolutionProperties) = preSolution
		HideSolutionNode = FALSE
	EndGlobalSection
	GlobalSection(NestedProjects) = preSolution
		{4BD2D175-9E49-4D34-A716-F82BD423FA40} = {483CB090-4F34-4911-ADEB-79B750AE540B}
	EndGlobalSection
	GlobalSection(ExtensibilityGlobals) = postSolution
		SolutionGuid = {3BCE7F73-526C-4BEF-91BC-4E63D17A5C32}
	EndGlobalSection
EndGlobal
